github.com/open-quantum-safe/liboqs-go v0.0.0-20260310140033-75451133b94a h1:ODvqx48snl7BdkeVq+iStisJJlDr5Sfzns8YupfhDTg=
github.com/open-quantum-safe/liboqs-go v0.0.0-20260310140033-75451133b94a/go.mod h1:OoIQ+v4rM6S6cF9zLGxsnsXX9vwv7WLp9s0TV2FbD6M=
golang.org/x/crypto v0.53.0 h1:QZ4Muo8THX6CizN2vPPd5fBGHyogrdK9fG4wLPFUsto=
golang.org/x/crypto v0.53.0/go.mod h1:DNLU434OwVakk9PzuwV8w62mAJpRJL3vsgcfp4Qnsio=
